// !$*UTF8*$!
{
	archiveVersion = 1;
	classes = {
	};
	objectVersion = 56;
	objects = {

/* Begin PBXBuildFile section */
		7969AF96AC62A7EDB020FD84 /* Pods_kaspiKz.framework in Frameworks */ = {isa = PBXBuildFile; fileRef = 420FC51B8C891832EDE79351 /* Pods_kaspiKz.framework */; };
		D52E480C2B4B2C45000A9EB9 /* TransferViewContent.swift in Sources */ = {isa = PBXBuildFile; fileRef = D52E480B2B4B2C45000A9EB9 /* TransferViewContent.swift */; };
		D54830F32AF37E7000A95FC7 /* AppDelegate.swift in Sources */ = {isa = PBXBuildFile; fileRef = D54830F22AF37E7000A95FC7 /* AppDelegate.swift */; };
		D54830F52AF37E7000A95FC7 /* SceneDelegate.swift in Sources */ = {isa = PBXBuildFile; fileRef = D54830F42AF37E7000A95FC7 /* SceneDelegate.swift */; };
		D54830F72AF37E7000A95FC7 /* ViewController.swift in Sources */ = {isa = PBXBuildFile; fileRef = D54830F62AF37E7000A95FC7 /* ViewController.swift */; };
		D54830FA2AF37E7000A95FC7 /* Main.storyboard in Resources */ = {isa = PBXBuildFile; fileRef = D54830F82AF37E7000A95FC7 /* Main.storyboard */; };
		D54830FC2AF37E7200A95FC7 /* Assets.xcassets in Resources */ = {isa = PBXBuildFile; fileRef = D54830FB2AF37E7200A95FC7 /* Assets.xcassets */; };
		D54830FF2AF37E7200A95FC7 /* LaunchScreen.storyboard in Resources */ = {isa = PBXBuildFile; fileRef = D54830FD2AF37E7200A95FC7 /* LaunchScreen.storyboard */; };
		D5833C022B13643F0003473D /* SegmentViewControler.swift in Sources */ = {isa = PBXBuildFile; fileRef = D5833C012B13643F0003473D /* SegmentViewControler.swift */; };
		D5833C042B1466110003473D /* PersonModel.swift in Sources */ = {isa = PBXBuildFile; fileRef = D5833C032B1466110003473D /* PersonModel.swift */; };
		D5833C0A2B153BDF0003473D /* DataModel.xcdatamodeld in Sources */ = {isa = PBXBuildFile; fileRef = D5833C082B153BDF0003473D /* DataModel.xcdatamodeld */; };
		D5833C0C2B15CF730003473D /* ConfirmationController.swift in Sources */ = {isa = PBXBuildFile; fileRef = D5833C0B2B15CF720003473D /* ConfirmationController.swift */; };
		D5833C132B1F60CF0003473D /* HistoryTableViewCell.swift in Sources */ = {isa = PBXBuildFile; fileRef = D5833C122B1F60CF0003473D /* HistoryTableViewCell.swift */; };
		D5833C152B20C4E50003473D /* CalendarViewController.swift in Sources */ = {isa = PBXBuildFile; fileRef = D5833C142B20C4E50003473D /* CalendarViewController.swift */; };
		D5833C172B22DD8A0003473D /* TransferSuccessViewController.swift in Sources */ = {isa = PBXBuildFile; fileRef = D5833C162B22DD8A0003473D /* TransferSuccessViewController.swift */; };
		D5D352B72B0A5E0E00B3F72C /* TransferViewControler.swift in Sources */ = {isa = PBXBuildFile; fileRef = D5D352B62B0A5E0E00B3F72C /* TransferViewControler.swift */; };
		D5E9DA4A2B085F8D00D8649E /* photoLink.swift in Sources */ = {isa = PBXBuildFile; fileRef = D5E9DA492B085F8D00D8649E /* photoLink.swift */; };
/* End PBXBuildFile section */

/* Begin PBXFileReference section */
		0311EA99DE702ACDA1061585 /* Pods-kaspiKz.release.xcconfig */ = {isa = PBXFileReference; includeInIndex = 1; lastKnownFileType = text.xcconfig; name = "Pods-kaspiKz.release.xcconfig"; path = "Target Support Files/Pods-kaspiKz/Pods-kaspiKz.release.xcconfig"; sourceTree = "<group>"; };
		3589A9DEF1BEA82CCEABCED4 /* Pods-kaspiKz.debug.xcconfig */ = {isa = PBXFileReference; includeInIndex = 1; lastKnownFileType = text.xcconfig; name = "Pods-kaspiKz.debug.xcconfig"; path = "Target Support Files/Pods-kaspiKz/Pods-kaspiKz.debug.xcconfig"; sourceTree = "<group>"; };
		420FC51B8C891832EDE79351 /* Pods_kaspiKz.framework */ = {isa = PBXFileReference; explicitFileType = wrapper.framework; includeInIndex = 0; path = Pods_kaspiKz.framework; sourceTree = BUILT_PRODUCTS_DIR; };
		D52E480B2B4B2C45000A9EB9 /* TransferViewContent.swift */ = {isa = PBXFileReference; fileEncoding = 4; lastKnownFileType = sourcecode.swift; path = TransferViewContent.swift; sourceTree = "<group>"; };
		D54830EF2AF37E7000A95FC7 /* kaspiKz.app */ = {isa = PBXFileReference; explicitFileType = wrapper.application; includeInIndex = 0; path = kaspiKz.app; sourceTree = BUILT_PRODUCTS_DIR; };
		D54830F22AF37E7000A95FC7 /* AppDelegate.swift */ = {isa = PBXFileReference; lastKnownFileType = sourcecode.swift; path = AppDelegate.swift; sourceTree = "<group>"; };
		D54830F42AF37E7000A95FC7 /* SceneDelegate.swift */ = {isa = PBXFileReference; lastKnownFileType = sourcecode.swift; path = SceneDelegate.swift; sourceTree = "<group>"; };
		D54830F62AF37E7000A95FC7 /* ViewController.swift */ = {isa = PBXFileReference; lastKnownFileType = sourcecode.swift; path = ViewController.swift; sourceTree = "<group>"; };
		D54830F92AF37E7000A95FC7 /* Base */ = {isa = PBXFileReference; lastKnownFileType = file.storyboard; name = Base; path = Base.lproj/Main.storyboard; sourceTree = "<group>"; };
		D54830FB2AF37E7200A95FC7 /* Assets.xcassets */ = {isa = PBXFileReference; lastKnownFileType = folder.assetcatalog; path = Assets.xcassets; sourceTree = "<group>"; };
		D54830FE2AF37E7200A95FC7 /* Base */ = {isa = PBXFileReference; lastKnownFileType = file.storyboard; name = Base; path = Base.lproj/LaunchScreen.storyboard; sourceTree = "<group>"; };
		D54831002AF37E7200A95FC7 /* Info.plist */ = {isa = PBXFileReference; lastKnownFileType = text.plist.xml; path = Info.plist; sourceTree = "<group>"; };
		D5833C012B13643F0003473D /* SegmentViewControler.swift */ = {isa = PBXFileReference; lastKnownFileType = sourcecode.swift; path = SegmentViewControler.swift; sourceTree = "<group>"; };
		D5833C032B1466110003473D /* PersonModel.swift */ = {isa = PBXFileReference; lastKnownFileType = sourcecode.swift; path = PersonModel.swift; sourceTree = "<group>"; };
		D5833C092B153BDF0003473D /* DataModel.xcdatamodel */ = {isa = PBXFileReference; lastKnownFileType = wrapper.xcdatamodel; path = DataModel.xcdatamodel; sourceTree = "<group>"; };
		D5833C0B2B15CF720003473D /* ConfirmationController.swift */ = {isa = PBXFileReference; lastKnownFileType = sourcecode.swift; path = ConfirmationController.swift; sourceTree = "<group>"; };
		D5833C122B1F60CF0003473D /* HistoryTableViewCell.swift */ = {isa = PBXFileReference; lastKnownFileType = sourcecode.swift; name = HistoryTableViewCell.swift; path = kaspiKz/controllers/HistoryTableViewCell.swift; sourceTree = SOURCE_ROOT; };
		D5833C142B20C4E50003473D /* CalendarViewController.swift */ = {isa = PBXFileReference; lastKnownFileType = sourcecode.swift; name = CalendarViewController.swift; path = kaspiKz/CalendarViewController.swift; sourceTree = SOURCE_ROOT; };
		D5833C162B22DD8A0003473D /* TransferSuccessViewController.swift */ = {isa = PBXFileReference; lastKnownFileType = sourcecode.swift; path = TransferSuccessViewController.swift; sourceTree = "<group>"; };
		D5D352B62B0A5E0E00B3F72C /* TransferViewControler.swift */ = {isa = PBXFileReference; lastKnownFileType = sourcecode.swift; path = TransferViewControler.swift; sourceTree = "<group>"; };
		D5E9DA492B085F8D00D8649E /* photoLink.swift */ = {isa = PBXFileReference; lastKnownFileType = sourcecode.swift; path = photoLink.swift; sourceTree = "<group>"; };
/* End PBXFileReference section */

/* Begin PBXFrameworksBuildPhase section */
		D54830EC2AF37E7000A95FC7 /* Frameworks */ = {
			isa = PBXFrameworksBuildPhase;
			buildActionMask = 2147483647;
			files = (
				7969AF96AC62A7EDB020FD84 /* Pods_kaspiKz.framework in Frameworks */,
			);
			runOnlyForDeploymentPostprocessing = 0;
		};
/* End PBXFrameworksBuildPhase section */

/* Begin PBXGroup section */
		3A63858F99456D141BCDB0DF /* Frameworks */ = {
			isa = PBXGroup;
			children = (
				420FC51B8C891832EDE79351 /* Pods_kaspiKz.framework */,
			);
			name = Frameworks;
			sourceTree = "<group>";
		};
		D52E480A2B4B2C2F000A9EB9 /* view */ = {
			isa = PBXGroup;
			children = (
				D52E480B2B4B2C45000A9EB9 /* TransferViewContent.swift */,
			);
			path = view;
			sourceTree = "<group>";
		};
		D54830E62AF37E7000A95FC7 = {
			isa = PBXGroup;
			children = (
				D54830F12AF37E7000A95FC7 /* kaspiKz */,
				D54830F02AF37E7000A95FC7 /* Products */,
				F2FB99FC97F249146BF4962D /* Pods */,
				3A63858F99456D141BCDB0DF /* Frameworks */,
			);
			sourceTree = "<group>";
		};
		D54830F02AF37E7000A95FC7 /* Products */ = {
			isa = PBXGroup;
			children = (
				D54830EF2AF37E7000A95FC7 /* kaspiKz.app */,
			);
			name = Products;
			sourceTree = "<group>";
		};
		D54830F12AF37E7000A95FC7 /* kaspiKz */ = {
			isa = PBXGroup;
			children = (
				D52E480A2B4B2C2F000A9EB9 /* view */,
				D5833C052B153B4C0003473D /* supporting stuff */,
				D5833C062B153B7D0003473D /* controllers */,
				D5833C072B153BBC0003473D /* models */,
				D54830F82AF37E7000A95FC7 /* Main.storyboard */,
				D54831002AF37E7200A95FC7 /* Info.plist */,
			);
			path = kaspiKz;
			sourceTree = "<group>";
		};
		D5833C052B153B4C0003473D /* supporting stuff */ = {
			isa = PBXGroup;
			children = (
				D54830F22AF37E7000A95FC7 /* AppDelegate.swift */,
				D54830F42AF37E7000A95FC7 /* SceneDelegate.swift */,
				D54830FD2AF37E7200A95FC7 /* LaunchScreen.storyboard */,
				D54830FB2AF37E7200A95FC7 /* Assets.xcassets */,
			);
			path = "supporting stuff";
			sourceTree = "<group>";
		};
		D5833C062B153B7D0003473D /* controllers */ = {
			isa = PBXGroup;
			children = (
				D5833C142B20C4E50003473D /* CalendarViewController.swift */,
				D54830F62AF37E7000A95FC7 /* ViewController.swift */,
				D5833C012B13643F0003473D /* SegmentViewControler.swift */,
				D5D352B62B0A5E0E00B3F72C /* TransferViewControler.swift */,
				D5833C0B2B15CF720003473D /* ConfirmationController.swift */,
				D5833C162B22DD8A0003473D /* TransferSuccessViewController.swift */,
			);
			path = controllers;
			sourceTree = "<group>";
		};
		D5833C072B153BBC0003473D /* models */ = {
			isa = PBXGroup;
			children = (
				D5833C122B1F60CF0003473D /* HistoryTableViewCell.swift */,
				D5833C082B153BDF0003473D /* DataModel.xcdatamodeld */,
				D5833C032B1466110003473D /* PersonModel.swift */,
				D5E9DA492B085F8D00D8649E /* photoLink.swift */,
			);
			path = models;
			sourceTree = "<group>";
		};
		F2FB99FC97F249146BF4962D /* Pods */ = {
			isa = PBXGroup;
			children = (
				3589A9DEF1BEA82CCEABCED4 /* Pods-kaspiKz.debug.xcconfig */,
				0311EA99DE702ACDA1061585 /* Pods-kaspiKz.release.xcconfig */,
			);
			path = Pods;
			sourceTree = "<group>";
		};
/* End PBXGroup section */

/* Begin PBXNativeTarget section */
		D54830EE2AF37E7000A95FC7 /* kaspiKz */ = {
			isa = PBXNativeTarget;
			buildConfigurationList = D54831032AF37E7200A95FC7 /* Build configuration list for PBXNativeTarget "kaspiKz" */;
			buildPhases = (
				C4F50F7E7BF0A121A93EC754 /* [CP] Check Pods Manifest.lock */,
				D54830EB2AF37E7000A95FC7 /* Sources */,
				D54830EC2AF37E7000A95FC7 /* Frameworks */,
				D54830ED2AF37E7000A95FC7 /* Resources */,
				DC5E39C057E3DBD417F56E91 /* [CP] Embed Pods Frameworks */,
			);
			buildRules = (
			);
			dependencies = (
			);
			name = kaspiKz;
			productName = kaspiKz;
			productReference = D54830EF2AF37E7000A95FC7 /* kaspiKz.app */;
			productType = "com.apple.product-type.application";
		};
/* End PBXNativeTarget section */

/* Begin PBXProject section */
		D54830E72AF37E7000A95FC7 /* Project object */ = {
			isa = PBXProject;
			attributes = {
				BuildIndependentTargetsInParallel = 1;
				LastSwiftUpdateCheck = 1500;
				LastUpgradeCheck = 1500;
				TargetAttributes = {
					D54830EE2AF37E7000A95FC7 = {
						CreatedOnToolsVersion = 15.0;
					};
				};
			};
			buildConfigurationList = D54830EA2AF37E7000A95FC7 /* Build configuration list for PBXProject "kaspiKz" */;
			compatibilityVersion = "Xcode 14.0";
			developmentRegion = en;
			hasScannedForEncodings = 0;
			knownRegions = (
				en,
				Base,
			);
			mainGroup = D54830E62AF37E7000A95FC7;
			productRefGroup = D54830F02AF37E7000A95FC7 /* Products */;
			projectDirPath = "";
			projectRoot = "";
			targets = (
				D54830EE2AF37E7000A95FC7 /* kaspiKz */,
			);
		};
/* End PBXProject section */

/* Begin PBXResourcesBuildPhase section */
		D54830ED2AF37E7000A95FC7 /* Resources */ = {
			isa = PBXResourcesBuildPhase;
			buildActionMask = 2147483647;
			files = (
				D54830FF2AF37E7200A95FC7 /* LaunchScreen.storyboard in Resources */,
				D54830FC2AF37E7200A95FC7 /* Assets.xcassets in Resources */,
				D54830FA2AF37E7000A95FC7 /* Main.storyboard in Resources */,
			);
			runOnlyForDeploymentPostprocessing = 0;
		};
/* End PBXResourcesBuildPhase section */

/* Begin PBXShellScriptBuildPhase section */
		C4F50F7E7BF0A121A93EC754 /* [CP] Check Pods Manifest.lock */ = {
			isa = PBXShellScriptBuildPhase;
			buildActionMask = 2147483647;
			files = (
			);
			inputFileListPaths = (
			);
			inputPaths = (
				"${PODS_PODFILE_DIR_PATH}/Podfile.lock",
				"${PODS_ROOT}/Manifest.lock",
			);
			name = "[CP] Check Pods Manifest.lock";
			outputFileListPaths = (
			);
			outputPaths = (
				"$(DERIVED_FILE_DIR)/Pods-kaspiKz-checkManifestLockResult.txt",
			);
			runOnlyForDeploymentPostprocessing = 0;
			shellPath = /bin/sh;
			shellScript = "diff \"${PODS_PODFILE_DIR_PATH}/Podfile.lock\" \"${PODS_ROOT}/Manifest.lock\" > /dev/null\nif [ $? != 0 ] ; then\n    # print error to STDERR\n    echo \"error: The sandbox is not in sync with the Podfile.lock. Run 'pod install' or update your CocoaPods installation.\" >&2\n    exit 1\nfi\n# This output is used by Xcode 'outputs' to avoid re-running this script phase.\necho \"SUCCESS\" > \"${SCRIPT_OUTPUT_FILE_0}\"\n";
			showEnvVarsInLog = 0;
		};
		DC5E39C057E3DBD417F56E91 /* [CP] Embed Pods Frameworks */ = {
			isa = PBXShellScriptBuildPhase;
			buildActionMask = 2147483647;
			files = (
			);
			inputFileListPaths = (
				"${PODS_ROOT}/Target Support Files/Pods-kaspiKz/Pods-kaspiKz-frameworks-${CONFIGURATION}-input-files.xcfilelist",
			);
			name = "[CP] Embed Pods Frameworks";
			outputFileListPaths = (
				"${PODS_ROOT}/Target Support Files/Pods-kaspiKz/Pods-kaspiKz-frameworks-${CONFIGURATION}-output-files.xcfilelist",
			);
			runOnlyForDeploymentPostprocessing = 0;
			shellPath = /bin/sh;
			shellScript = "\"${PODS_ROOT}/Target Support Files/Pods-kaspiKz/Pods-kaspiKz-frameworks.sh\"\n";
			showEnvVarsInLog = 0;
		};
/* End PBXShellScriptBuildPhase section */

/* Begin PBXSourcesBuildPhase section */
		D54830EB2AF37E7000A95FC7 /* Sources */ = {
			isa = PBXSourcesBuildPhase;
			buildActionMask = 2147483647;
			files = (
				D5D352B72B0A5E0E00B3F72C /* TransferViewControler.swift in Sources */,
				D5833C0A2B153BDF0003473D /* DataModel.xcdatamodeld in Sources */,
				D52E480C2B4B2C45000A9EB9 /* TransferViewContent.swift in Sources */,
				D5833C042B1466110003473D /* PersonModel.swift in Sources */,
				D5833C172B22DD8A0003473D /* TransferSuccessViewController.swift in Sources */,
				D5833C152B20C4E50003473D /* CalendarViewController.swift in Sources */,
				D54830F72AF37E7000A95FC7 /* ViewController.swift in Sources */,
				D5833C132B1F60CF0003473D /* HistoryTableViewCell.swift in Sources */,
				D54830F32AF37E7000A95FC7 /* AppDelegate.swift in Sources */,
				D5833C022B13643F0003473D /* SegmentViewControler.swift in Sources */,
				D5E9DA4A2B085F8D00D8649E /* photoLink.swift in Sources */,
				D5833C0C2B15CF730003473D /* ConfirmationController.swift in Sources */,
				D54830F52AF37E7000A95FC7 /* SceneDelegate.swift in Sources */,
			);
			runOnlyForDeploymentPostprocessing = 0;
		};
/* End PBXSourcesBuildPhase section */

/* Begin PBXVariantGroup section */
		D54830F82AF37E7000A95FC7 /* Main.storyboard */ = {
			isa = PBXVariantGroup;
			children = (
				D54830F92AF37E7000A95FC7 /* Base */,
			);
			name = Main.storyboard;
			sourceTree = "<group>";
		};
		D54830FD2AF37E7200A95FC7 /* LaunchScreen.storyboard */ = {
			isa = PBXVariantGroup;
			children = (
				D54830FE2AF37E7200A95FC7 /* Base */,
			);
			name = LaunchScreen.storyboard;
			sourceTree = "<group>";
		};
/* End PBXVariantGroup section */

/* Begin XCBuildConfiguration section */
		D54831012AF37E7200A95FC7 /* Debug */ = {
			isa = XCBuildConfiguration;
			buildSettings = {
				ALWAYS_SEARCH_USER_PATHS = NO;
				ASSETCATALOG_COMPILER_GENERATE_SWIFT_ASSET_SYMBOL_EXTENSIONS = YES;
				CLANG_ANALYZER_NONNULL = YES;
				CLANG_ANALYZER_NUMBER_OBJECT_CONVERSION = YES_AGGRESSIVE;
				CLANG_CXX_LANGUAGE_STANDARD = "gnu++20";
				CLANG_ENABLE_MODULES = YES;
				CLANG_ENABLE_OBJC_ARC = YES;
				CLANG_ENABLE_OBJC_WEAK = YES;
				CLANG_WARN_BLOCK_CAPTURE_AUTORELEASING = YES;
				CLANG_WARN_BOOL_CONVERSION = YES;
				CLANG_WARN_COMMA = YES;
				CLANG_WARN_CONSTANT_CONVERSION = YES;
				CLANG_WARN_DEPRECATED_OBJC_IMPLEMENTATIONS = YES;
				CLANG_WARN_DIRECT_OBJC_ISA_USAGE = YES_ERROR;
				CLANG_WARN_DOCUMENTATION_COMMENTS = YES;
				CLANG_WARN_EMPTY_BODY = YES;
				CLANG_WARN_ENUM_CONVERSION = YES;
				CLANG_WARN_INFINITE_RECURSION = YES;
				CLANG_WARN_INT_CONVERSION = YES;
				CLANG_WARN_NON_LITERAL_NULL_CONVERSION = YES;
				CLANG_WARN_OBJC_IMPLICIT_RETAIN_SELF = YES;
				CLANG_WARN_OBJC_LITERAL_CONVERSION = YES;
				CLANG_WARN_OBJC_ROOT_CLASS = YES_ERROR;
				CLANG_WARN_QUOTED_INCLUDE_IN_FRAMEWORK_HEADER = YES;
				CLANG_WARN_RANGE_LOOP_ANALYSIS = YES;
				CLANG_WARN_STRICT_PROTOTYPES = YES;
				CLANG_WARN_SUSPICIOUS_MOVE = YES;
				CLANG_WARN_UNGUARDED_AVAILABILITY = YES_AGGRESSIVE;
				CLANG_WARN_UNREACHABLE_CODE = YES;
				CLANG_WARN__DUPLICATE_METHOD_MATCH = YES;
				COPY_PHASE_STRIP = NO;
				DEBUG_INFORMATION_FORMAT = dwarf;
				ENABLE_STRICT_OBJC_MSGSEND = YES;
				ENABLE_TESTABILITY = YES;
				ENABLE_USER_SCRIPT_SANDBOXING = YES;
				GCC_C_LANGUAGE_STANDARD = gnu17;
				GCC_DYNAMIC_NO_PIC = NO;
				GCC_NO_COMMON_BLOCKS = YES;
				GCC_OPTIMIZATION_LEVEL = 0;
				GCC_PREPROCESSOR_DEFINITIONS = (
					"DEBUG=1",
					"$(inherited)",
				);
				GCC_WARN_64_TO_32_BIT_CONVERSION = YES;
				GCC_WARN_ABOUT_RETURN_TYPE = YES_ERROR;
				GCC_WARN_UNDECLARED_SELECTOR = YES;
				GCC_WARN_UNINITIALIZED_AUTOS = YES_AGGRESSIVE;
				GCC_WARN_UNUSED_FUNCTION = YES;
				GCC_WARN_UNUSED_VARIABLE = YES;
				IPHONEOS_DEPLOYMENT_TARGET = 17.0;
				LOCALIZATION_PREFERS_STRING_CATALOGS = YES;
				MTL_ENABLE_DEBUG_INFO = INCLUDE_SOURCE;
				MTL_FAST_MATH = YES;
				ONLY_ACTIVE_ARCH = YES;
				SDKROOT = iphoneos;
				SWIFT_ACTIVE_COMPILATION_CONDITIONS = "DEBUG $(inherited)";
				SWIFT_OPTIMIZATION_LEVEL = "-Onone";
			};
			name = Debug;
		};
		D54831022AF37E7200A95FC7 /* Release */ = {
			isa = XCBuildConfiguration;
			buildSettings = {
				ALWAYS_SEARCH_USER_PATHS = NO;
				ASSETCATALOG_COMPILER_GENERATE_SWIFT_ASSET_SYMBOL_EXTENSIONS = YES;
				CLANG_ANALYZER_NONNULL = YES;
				CLANG_ANALYZER_NUMBER_OBJECT_CONVERSION = YES_AGGRESSIVE;
				CLANG_CXX_LANGUAGE_STANDARD = "gnu++20";
				CLANG_ENABLE_MODULES = YES;
				CLANG_ENABLE_OBJC_ARC = YES;
				CLANG_ENABLE_OBJC_WEAK = YES;
				CLANG_WARN_BLOCK_CAPTURE_AUTORELEASING = YES;
				CLANG_WARN_BOOL_CONVERSION = YES;
				CLANG_WARN_COMMA = YES;
				CLANG_WARN_CONSTANT_CONVERSION = YES;
				CLANG_WARN_DEPRECATED_OBJC_IMPLEMENTATIONS = YES;
				CLANG_WARN_DIRECT_OBJC_ISA_USAGE = YES_ERROR;
				CLANG_WARN_DOCUMENTATION_COMMENTS = YES;
				CLANG_WARN_EMPTY_BODY = YES;
				CLANG_WARN_ENUM_CONVERSION = YES;
				CLANG_WARN_INFINITE_RECURSION = YES;
				CLANG_WARN_INT_CONVERSION = YES;
				CLANG_WARN_NON_LITERAL_NULL_CONVERSION = YES;
				CLANG_WARN_OBJC_IMPLICIT_RETAIN_SELF = YES;
				CLANG_WARN_OBJC_LITERAL_CONVERSION = YES;
				CLANG_WARN_OBJC_ROOT_CLASS = YES_ERROR;
				CLANG_WARN_QUOTED_INCLUDE_IN_FRAMEWORK_HEADER = YES;
				CLANG_WARN_RANGE_LOOP_ANALYSIS = YES;
				CLANG_WARN_STRICT_PROTOTYPES = YES;
				CLANG_WARN_SUSPICIOUS_MOVE = YES;
				CLANG_WARN_UNGUARDED_AVAILABILITY = YES_AGGRESSIVE;
				CLANG_WARN_UNREACHABLE_CODE = YES;
				CLANG_WARN__DUPLICATE_METHOD_MATCH = YES;
				COPY_PHASE_STRIP = NO;
				DEBUG_INFORMATION_FORMAT = "dwarf-with-dsym";
				ENABLE_NS_ASSERTIONS = NO;
				ENABLE_STRICT_OBJC_MSGSEND = YES;
				ENABLE_USER_SCRIPT_SANDBOXING = YES;
				GCC_C_LANGUAGE_STANDARD = gnu17;
				GCC_NO_COMMON_BLOCKS = YES;
				GCC_WARN_64_TO_32_BIT_CONVERSION = YES;
				GCC_WARN_ABOUT_RETURN_TYPE = YES_ERROR;
				GCC_WARN_UNDECLARED_SELECTOR = YES;
				GCC_WARN_UNINITIALIZED_AUTOS = YES_AGGRESSIVE;
				GCC_WARN_UNUSED_FUNCTION = YES;
				GCC_WARN_UNUSED_VARIABLE = YES;
				IPHONEOS_DEPLOYMENT_TARGET = 17.0;
				LOCALIZATION_PREFERS_STRING_CATALOGS = YES;
				MTL_ENABLE_DEBUG_INFO = NO;
				MTL_FAST_MATH = YES;
				SDKROOT = iphoneos;
				SWIFT_COMPILATION_MODE = wholemodule;
				VALIDATE_PRODUCT = YES;
			};
			name = Release;
		};
		D54831042AF37E7200A95FC7 /* Debug */ = {
			isa = XCBuildConfiguration;
			baseConfigurationReference = 3589A9DEF1BEA82CCEABCED4 /* Pods-kaspiKz.debug.xcconfig */;
			buildSettings = {
				ASSETCATALOG_COMPILER_APPICON_NAME = AppIcon;
				ASSETCATALOG_COMPILER_GLOBAL_ACCENT_COLOR_NAME = AccentColor;
				CODE_SIGN_STYLE = Automatic;
				CURRENT_PROJECT_VERSION = 1;
				ENABLE_USER_SCRIPT_SANDBOXING = NO;
				GENERATE_INFOPLIST_FILE = YES;
				INFOPLIST_FILE = kaspiKz/Info.plist;
				INFOPLIST_KEY_UIApplicationSupportsIndirectInputEvents = YES;
				INFOPLIST_KEY_UILaunchStoryboardName = LaunchScreen;
				INFOPLIST_KEY_UIMainStoryboardFile = Main;
				INFOPLIST_KEY_UISupportedInterfaceOrientations_iPad = "UIInterfaceOrientationPortrait UIInterfaceOrientationPortraitUpsideDown UIInterfaceOrientationLandscapeLeft UIInterfaceOrientationLandscapeRight";
				INFOPLIST_KEY_UISupportedInterfaceOrientations_iPhone = "UIInterfaceOrientationPortrait UIInterfaceOrientationLandscapeLeft UIInterfaceOrientationLandscapeRight";
				LD_RUNPATH_SEARCH_PATHS = (
					"$(inherited)",
					"@executable_path/Frameworks",
				);
				MARKETING_VERSION = 1.0;
				PRODUCT_BUNDLE_IDENTIFIER = com.argyn.kaspiKz;
				PRODUCT_NAME = "$(TARGET_NAME)";
				SWIFT_EMIT_LOC_STRINGS = YES;
				SWIFT_VERSION = 5.0;
				TARGETED_DEVICE_FAMILY = "1,2";
			};
			name = Debug;
		};
		D54831052AF37E7200A95FC7 /* Release */ = {
			isa = XCBuildConfiguration;
			baseConfigurationReference = 0311EA99DE702ACDA1061585 /* Pods-kaspiKz.release.xcconfig */;
			buildSettings = {
				ASSETCATALOG_COMPILER_APPICON_NAME = AppIcon;
				ASSETCATALOG_COMPILER_GLOBAL_ACCENT_COLOR_NAME = AccentColor;
				CODE_SIGN_STYLE = Automatic;
				CURRENT_PROJECT_VERSION = 1;
				ENABLE_USER_SCRIPT_SANDBOXING = NO;
				GENERATE_INFOPLIST_FILE = YES;
				INFOPLIST_FILE = kaspiKz/Info.plist;
				INFOPLIST_KEY_UIApplicationSupportsIndirectInputEvents = YES;
				INFOPLIST_KEY_UILaunchStoryboardName = LaunchScreen;
				INFOPLIST_KEY_UIMainStoryboardFile = Main;
				INFOPLIST_KEY_UISupportedInterfaceOrientations_iPad = "UIInterfaceOrientationPortrait UIInterfaceOrientationPortraitUpsideDown UIInterfaceOrientationLandscapeLeft UIInterfaceOrientationLandscapeRight";
				INFOPLIST_KEY_UISupportedInterfaceOrientations_iPhone = "UIInterfaceOrientationPortrait UIInterfaceOrientationLandscapeLeft UIInterfaceOrientationLandscapeRight";
				LD_RUNPATH_SEARCH_PATHS = (
					"$(inherited)",
					"@executable_path/Frameworks",
				);
				MARKETING_VERSION = 1.0;
				PRODUCT_BUNDLE_IDENTIFIER = com.argyn.kaspiKz;
				PRODUCT_NAME = "$(TARGET_NAME)";
				SWIFT_EMIT_LOC_STRINGS = YES;
				SWIFT_VERSION = 5.0;
				TARGETED_DEVICE_FAMILY = "1,2";
			};
			name = Release;
		};
/* End XCBuildConfiguration section */

/* Begin XCConfigurationList section */
		D54830EA2AF37E7000A95FC7 /* Build configuration list for PBXProject "kaspiKz" */ = {
			isa = XCConfigurationList;
			buildConfigurations = (
				D54831012AF37E7200A95FC7 /* Debug */,
				D54831022AF37E7200A95FC7 /* Release */,
			);
			defaultConfigurationIsVisible = 0;
			defaultConfigurationName = Release;
		};
		D54831032AF37E7200A95FC7 /* Build configuration list for PBXNativeTarget "kaspiKz" */ = {
			isa = XCConfigurationList;
			buildConfigurations = (
				D54831042AF37E7200A95FC7 /* Debug */,
				D54831052AF37E7200A95FC7 /* Release */,
			);
			defaultConfigurationIsVisible = 0;
			defaultConfigurationName = Release;
		};
/* End XCConfigurationList section */

/* Begin XCVersionGroup section */
		D5833C082B153BDF0003473D /* DataModel.xcdatamodeld */ = {
			isa = XCVersionGroup;
			children = (
				D5833C092B153BDF0003473D /* DataModel.xcdatamodel */,
			);
			currentVersion = D5833C092B153BDF0003473D /* DataModel.xcdatamodel */;
			path = DataModel.xcdatamodeld;
			sourceTree = "<group>";
			versionGroupType = wrapper.xcdatamodel;
		};
/* End XCVersionGroup section */
	};
	rootObject = D54830E72AF37E7000A95FC7 /* Project object */;
}
